
Microsoft Visual Studio Solution File, Format Version 12.00
Project("{FAE04EC0-301F-11D3-BF4B-00C04F79EFBC}") = "Send", "SystemIntegrationLektion01\Send\Send.csproj", "{9411357A-9BCB-4799-95A5-B50A03CD4373}"
EndProject
Project("{2150E333-8FDC-42A3-9474-1A3956D46DE8}") = "Lektion 1", "Lektion 1", "{7D9CD5D0-D581-460F-AA6F-CA53679B4583}"
	ProjectSection(SolutionItems) = preProject
		SystemIntegrationLektion01\README.md = SystemIntegrationLektion01\README.md
	EndProjectSection
EndProject
Project("{FAE04EC0-301F-11D3-BF4B-00C04F79EFBC}") = "Receive", "Receive\Receive.csproj", "{1FC78B9E-A5DA-4995-8F44-A9F0CC847E99}"
EndProject
Project("{2150E333-8FDC-42A3-9474-1A3956D46DE8}") = "Lektion 2", "Lektion 2", "{BE0A2442-9968-4772-83F9-5DF741128EF2}"
	ProjectSection(SolutionItems) = preProject
		SystemIntegrationLektion02\README.md = SystemIntegrationLektion02\README.md
	EndProjectSection
EndProject
Project("{FAE04EC0-301F-11D3-BF4B-00C04F79EFBC}") = "Person", "Person\Person.csproj", "{6E74E55B-E4F0-44F9-9FAD-CC16697E9720}"
EndProject
Project("{FAE04EC0-301F-11D3-BF4B-00C04F79EFBC}") = "Send2", "Send2\Send2.csproj", "{4EFD90E9-8815-4395-B935-BB2F313C69F0}"
EndProject
Project("{FAE04EC0-301F-11D3-BF4B-00C04F79EFBC}") = "Receive2", "Receive2\Receive2.csproj", "{D9B8551E-D50A-43BF-A371-5395B957F3E5}"
EndProject
Project("{FAE04EC0-301F-11D3-BF4B-00C04F79EFBC}") = "AirportAPI", "AirportAPI\AirportAPI.csproj", "{34DC869F-BA56-4F33-AF0B-7A46C2B6B35F}"
EndProject
Project("{FAE04EC0-301F-11D3-BF4B-00C04F79EFBC}") = "AirportConsumer", "AirportConsumer\AirportConsumer.csproj", "{0A7152E1-2C8A-4EA1-88F2-676FCFB27D07}"
EndProject
Project("{2150E333-8FDC-42A3-9474-1A3956D46DE8}") = "Lektion 3", "Lektion 3", "{E564E43F-7287-4851-A759-C08EC9185132}"
	ProjectSection(SolutionItems) = preProject
		SystemIntegrationLektion03\README.md = SystemIntegrationLektion03\README.md
	EndProjectSection
EndProject
Project("{2150E333-8FDC-42A3-9474-1A3956D46DE8}") = "Lektion 4", "Lektion 4", "{8191058B-0026-40D0-8E91-438C8DFF9C17}"
EndProject
Project("{2150E333-8FDC-42A3-9474-1A3956D46DE8}") = "Lektion 5", "Lektion 5", "{D71DF3C5-40BC-4637-822A-54F8DB3D54F1}"
EndProject
Project("{2150E333-8FDC-42A3-9474-1A3956D46DE8}") = "Lektion 6", "Lektion 6", "{03A8C908-3875-45CB-86E9-977205A35228}"
EndProject
Project("{2150E333-8FDC-42A3-9474-1A3956D46DE8}") = "Lektion 7", "Lektion 7", "{33F2AD02-9F3A-4F21-8E42-A850803E06C1}"
EndProject
Project("{FAE04EC0-301F-11D3-BF4B-00C04F79EFBC}") = "MyFirstApi", "MyFirstApi\MyFirstApi.csproj", "{92772867-3A85-460F-9ED4-4F9155DE90DD}"
EndProject
Project("{FAE04EC0-301F-11D3-BF4B-00C04F79EFBC}") = "TodoApi", "TodoApi\TodoApi.csproj", "{E3888819-7BA3-4B47-9885-E73D1F6CAE48}"
EndProject
Project("{FAE04EC0-301F-11D3-BF4B-00C04F79EFBC}") = "BlogPostApi", "BlogPostApi\BlogPostApi.csproj", "{D310F05E-8DA8-469E-AF51-049D798B9AD4}"
EndProject
Project("{2150E333-8FDC-42A3-9474-1A3956D46DE8}") = "Mini Projekt", "Mini Projekt", "{E7DD4376-C879-412A-825F-585350618CBE}"
EndProject
Project("{FAE04EC0-301F-11D3-BF4B-00C04F79EFBC}") = "AirportWebApi", "AirportWebApi\AirportWebApi.csproj", "{8FDA0F70-202D-4550-88B9-C298F6D102C6}"
EndProject
Global
	GlobalSection(SolutionConfigurationPlatforms) = preSolution
		Debug|Any CPU = Debug|Any CPU
		Release|Any CPU = Release|Any CPU
	EndGlobalSection
	GlobalSection(ProjectConfigurationPlatforms) = postSolution
		{9411357A-9BCB-4799-95A5-B50A03CD4373}.Debug|Any CPU.ActiveCfg = Debug|Any CPU
		{9411357A-9BCB-4799-95A5-B50A03CD4373}.Debug|Any CPU.Build.0 = Debug|Any CPU
		{9411357A-9BCB-4799-95A5-B50A03CD4373}.Release|Any CPU.ActiveCfg = Release|Any CPU
		{9411357A-9BCB-4799-95A5-B50A03CD4373}.Release|Any CPU.Build.0 = Release|Any CPU
		{1FC78B9E-A5DA-4995-8F44-A9F0CC847E99}.Debug|Any CPU.ActiveCfg = Debug|Any CPU
		{1FC78B9E-A5DA-4995-8F44-A9F0CC847E99}.Debug|Any CPU.Build.0 = Debug|Any CPU
		{1FC78B9E-A5DA-4995-8F44-A9F0CC847E99}.Release|Any CPU.ActiveCfg = Release|Any CPU
		{1FC78B9E-A5DA-4995-8F44-A9F0CC847E99}.Release|Any CPU.Build.0 = Release|Any CPU
		{6E74E55B-E4F0-44F9-9FAD-CC16697E9720}.Debug|Any CPU.ActiveCfg = Debug|Any CPU
		{6E74E55B-E4F0-44F9-9FAD-CC16697E9720}.Debug|Any CPU.Build.0 = Debug|Any CPU
		{6E74E55B-E4F0-44F9-9FAD-CC16697E9720}.Release|Any CPU.ActiveCfg = Release|Any CPU
		{6E74E55B-E4F0-44F9-9FAD-CC16697E9720}.Release|Any CPU.Build.0 = Release|Any CPU
		{4EFD90E9-8815-4395-B935-BB2F313C69F0}.Debug|Any CPU.ActiveCfg = Debug|Any CPU
		{4EFD90E9-8815-4395-B935-BB2F313C69F0}.Debug|Any CPU.Build.0 = Debug|Any CPU
		{4EFD90E9-8815-4395-B935-BB2F313C69F0}.Release|Any CPU.ActiveCfg = Release|Any CPU
		{4EFD90E9-8815-4395-B935-BB2F313C69F0}.Release|Any CPU.Build.0 = Release|Any CPU
		{D9B8551E-D50A-43BF-A371-5395B957F3E5}.Debug|Any CPU.ActiveCfg = Debug|Any CPU
		{D9B8551E-D50A-43BF-A371-5395B957F3E5}.Debug|Any CPU.Build.0 = Debug|Any CPU
		{D9B8551E-D50A-43BF-A371-5395B957F3E5}.Release|Any CPU.ActiveCfg = Release|Any CPU
		{D9B8551E-D50A-43BF-A371-5395B957F3E5}.Release|Any CPU.Build.0 = Release|Any CPU
		{34DC869F-BA56-4F33-AF0B-7A46C2B6B35F}.Debug|Any CPU.ActiveCfg = Debug|Any CPU
		{34DC869F-BA56-4F33-AF0B-7A46C2B6B35F}.Debug|Any CPU.Build.0 = Debug|Any CPU
		{34DC869F-BA56-4F33-AF0B-7A46C2B6B35F}.Release|Any CPU.ActiveCfg = Release|Any CPU
		{34DC869F-BA56-4F33-AF0B-7A46C2B6B35F}.Release|Any CPU.Build.0 = Release|Any CPU
		{0A7152E1-2C8A-4EA1-88F2-676FCFB27D07}.Debug|Any CPU.ActiveCfg = Debug|Any CPU
		{0A7152E1-2C8A-4EA1-88F2-676FCFB27D07}.Debug|Any CPU.Build.0 = Debug|Any CPU
		{0A7152E1-2C8A-4EA1-88F2-676FCFB27D07}.Release|Any CPU.ActiveCfg = Release|Any CPU
		{0A7152E1-2C8A-4EA1-88F2-676FCFB27D07}.Release|Any CPU.Build.0 = Release|Any CPU
		{92772867-3A85-460F-9ED4-4F9155DE90DD}.Debug|Any CPU.ActiveCfg = Debug|Any CPU
		{92772867-3A85-460F-9ED4-4F9155DE90DD}.Debug|Any CPU.Build.0 = Debug|Any CPU
		{92772867-3A85-460F-9ED4-4F9155DE90DD}.Release|Any CPU.ActiveCfg = Release|Any CPU
		{92772867-3A85-460F-9ED4-4F9155DE90DD}.Release|Any CPU.Build.0 = Release|Any CPU
		{E3888819-7BA3-4B47-9885-E73D1F6CAE48}.Debug|Any CPU.ActiveCfg = Debug|Any CPU
		{E3888819-7BA3-4B47-9885-E73D1F6CAE48}.Debug|Any CPU.Build.0 = Debug|Any CPU
		{E3888819-7BA3-4B47-9885-E73D1F6CAE48}.Release|Any CPU.ActiveCfg = Release|Any CPU
		{E3888819-7BA3-4B47-9885-E73D1F6CAE48}.Release|Any CPU.Build.0 = Release|Any CPU
		{D310F05E-8DA8-469E-AF51-049D798B9AD4}.Debug|Any CPU.ActiveCfg = Debug|Any CPU
		{D310F05E-8DA8-469E-AF51-049D798B9AD4}.Debug|Any CPU.Build.0 = Debug|Any CPU
		{D310F05E-8DA8-469E-AF51-049D798B9AD4}.Release|Any CPU.ActiveCfg = Release|Any CPU
		{D310F05E-8DA8-469E-AF51-049D798B9AD4}.Release|Any CPU.Build.0 = Release|Any CPU
		{8FDA0F70-202D-4550-88B9-C298F6D102C6}.Debug|Any CPU.ActiveCfg = Debug|Any CPU
		{8FDA0F70-202D-4550-88B9-C298F6D102C6}.Debug|Any CPU.Build.0 = Debug|Any CPU
		{8FDA0F70-202D-4550-88B9-C298F6D102C6}.Release|Any CPU.ActiveCfg = Release|Any CPU
		{8FDA0F70-202D-4550-88B9-C298F6D102C6}.Release|Any CPU.Build.0 = Release|Any CPU
	EndGlobalSection
	GlobalSection(NestedProjects) = preSolution
		{9411357A-9BCB-4799-95A5-B50A03CD4373} = {7D9CD5D0-D581-460F-AA6F-CA53679B4583}
		{1FC78B9E-A5DA-4995-8F44-A9F0CC847E99} = {7D9CD5D0-D581-460F-AA6F-CA53679B4583}
		{6E74E55B-E4F0-44F9-9FAD-CC16697E9720} = {BE0A2442-9968-4772-83F9-5DF741128EF2}
		{4EFD90E9-8815-4395-B935-BB2F313C69F0} = {BE0A2442-9968-4772-83F9-5DF741128EF2}
		{D9B8551E-D50A-43BF-A371-5395B957F3E5} = {BE0A2442-9968-4772-83F9-5DF741128EF2}
		{34DC869F-BA56-4F33-AF0B-7A46C2B6B35F} = {BE0A2442-9968-4772-83F9-5DF741128EF2}
		{0A7152E1-2C8A-4EA1-88F2-676FCFB27D07} = {BE0A2442-9968-4772-83F9-5DF741128EF2}
		{92772867-3A85-460F-9ED4-4F9155DE90DD} = {E564E43F-7287-4851-A759-C08EC9185132}
		{E3888819-7BA3-4B47-9885-E73D1F6CAE48} = {E564E43F-7287-4851-A759-C08EC9185132}
		{D310F05E-8DA8-469E-AF51-049D798B9AD4} = {E564E43F-7287-4851-A759-C08EC9185132}
		{8FDA0F70-202D-4550-88B9-C298F6D102C6} = {E7DD4376-C879-412A-825F-585350618CBE}
	EndGlobalSection
EndGlobal
